<?xml version="1.0" encoding="utf-8"?>
<Project ToolsVersion="4.0" xmlns="http://schemas.microsoft.com/developer/msbuild/2003">
  <ItemGroup>
    <ClInclude Include="..\External\tinyexr\tinyexr.h" />
    <ClInclude Include="BVH\BVH.h" />
    <ClInclude Include="BVH\BVHBuilder.h" />
    <ClInclude Include="Color\ColorHelpers.h" />
    <ClInclude Include="Color\LdrColor.h" />
    <ClInclude Include="Color\RayColor.h" />
    <ClInclude Include="Color\Spectrum.h" />
    <ClInclude Include="Color\Wavelength.h" />
    <ClInclude Include="Common.h" />
    <ClInclude Include="Config.h" />
    <ClInclude Include="Containers\ArrayIterator.h" />
    <ClInclude Include="Containers\ArrayIteratorImpl.h" />
    <ClInclude Include="Containers\ArrayView.h" />
    <ClInclude Include="Containers\ArrayViewImpl.h" />
    <ClInclude Include="Containers\DynArray.h" />
    <ClInclude Include="Containers\DynArrayImpl.h" />
    <ClInclude Include="Material\BSDF\BSDF.h" />
    <ClInclude Include="Material\BSDF\DielectricBSDF.h" />
    <ClInclude Include="Material\BSDF\DiffuseBSDF.h" />
    <ClInclude Include="Material\BSDF\MetalBSDF.h" />
    <ClInclude Include="Material\BSDF\Microfacet.h" />
    <ClInclude Include="Material\BSDF\NullBSDF.h" />
    <ClInclude Include="Material\BSDF\PlasticBSDF.h" />
    <ClInclude Include="Material\BSDF\RoughDielectricBSDF.h" />
    <ClInclude Include="Material\BSDF\RoughDiffuseBSDF.h" />
    <ClInclude Include="Material\BSDF\RoughMetalBSDF.h" />
    <ClInclude Include="Material\BSDF\RoughPlasticBSDF.h" />
    <ClInclude Include="Material\Material.h" />
    <ClInclude Include="Math\Box.h" />
    <ClInclude Include="Math\Constants.h" />
    <ClInclude Include="Math\Distribution.h" />
    <ClInclude Include="Math\Float2.h" />
    <ClInclude Include="Math\Float2Impl.h" />
    <ClInclude Include="Math\Float3.h" />
    <ClInclude Include="Math\Float3Impl.h" />
    <ClInclude Include="Math\Geometry.h" />
    <ClInclude Include="Math\Half.h" />
    <ClInclude Include="Math\Math.h" />
    <ClInclude Include="Math\Matrix4.h" />
    <ClInclude Include="Math\Quaternion.h" />
    <ClInclude Include="Math\QuaternionImpl.h" />
    <ClInclude Include="Math\Random.h" />
    <ClInclude Include="Math\Ray.h" />
    <ClInclude Include="Math\Rectangle.h" />
    <ClInclude Include="Math\SamplingHelpers.h" />
    <ClInclude Include="Math\Simd8Box.h" />
    <ClInclude Include="Math\Simd8Geometry.h" />
    <ClInclude Include="Math\Simd8Ray.h" />
    <ClInclude Include="Math\Simd8Triangle.h" />
    <ClInclude Include="Math\Sphere.h" />
    <ClInclude Include="Math\Transcendental.h" />
    <ClInclude Include="Math\TranscendentalImpl.h" />
    <ClInclude Include="Math\Transform.h" />
    <ClInclude Include="Math\Triangle.h" />
    <ClInclude Include="Math\Utils.h" />
    <ClInclude Include="Math\Vector2x8.h" />
    <ClInclude Include="Math\Vector3x8.h" />
    <ClInclude Include="Math\Vector4.h" />
    <ClInclude Include="Math\Vector8.h" />
    <ClInclude Include="Math\VectorBool4.h" />
    <ClInclude Include="Math\VectorBool8.h" />
    <ClInclude Include="Math\VectorInt4.h" />
    <ClInclude Include="Math\VectorInt8.h" />
    <ClInclude Include="Mesh\Mesh.h" />
    <ClInclude Include="PCH.h" />
    <ClInclude Include="RayLib.h" />
    <ClInclude Include="Rendering\Context.h" />
    <ClInclude Include="Rendering\Counters.h" />
    <ClInclude Include="Rendering\DebugRenderer.h" />
    <ClInclude Include="Rendering\Film.h" />
    <ClInclude Include="Rendering\LightTracer.h" />
    <ClInclude Include="Rendering\PathDebugging.h" />
    <ClInclude Include="Rendering\PathTracer.h" />
    <ClInclude Include="Rendering\PathTracerMIS.h" />
    <ClInclude Include="Rendering\PostProcess.h" />
    <ClInclude Include="Rendering\Renderer.h" />
    <ClInclude Include="Rendering\RendererContext.h" />
    <ClInclude Include="Rendering\ShadingData.h" />
    <ClInclude Include="Rendering\VertexConnectionAndMerging.h" />
    <ClInclude Include="Rendering\Viewport.h" />
    <ClInclude Include="Sampling\GenericSampler.h" />
    <ClInclude Include="Sampling\HaltonSampler.h" />
    <ClInclude Include="Scene\Camera.h" />
    <ClInclude Include="Scene\Light\AreaLight.h" />
    <ClInclude Include="Scene\Light\BackgroundLight.h" />
    <ClInclude Include="Scene\Light\DirectionalLight.h" />
    <ClInclude Include="Scene\Light\Light.h" />
    <ClInclude Include="Scene\Light\PointLight.h" />
    <ClInclude Include="Scene\Light\SpotLight.h" />
    <ClInclude Include="Scene\Object\SceneObject.h" />
    <ClInclude Include="Scene\Object\SceneObject_Light.h" />
    <ClInclude Include="Scene\Object\SceneObject_Shape.h" />
    <ClInclude Include="Scene\Scene.h" />
    <ClInclude Include="Shapes\BoxShape.h" />
    <ClInclude Include="Shapes\CsgShape.h" />
    <ClInclude Include="Shapes\Shape.h" />
    <ClInclude Include="Shapes\SphereShape.h" />
    <ClInclude Include="Textures\BitmapTexture.h" />
    <ClInclude Include="Textures\CheckerboardTexture.h" />
    <ClInclude Include="Textures\ConstTexture.h" />
    <ClInclude Include="Textures\MixTexture.h" />
    <ClInclude Include="Textures\NoiseTexture.h" />
    <ClInclude Include="Textures\Texture.h" />
    <ClInclude Include="Traversal\HitPoint.h" />
    <ClInclude Include="Traversal\RayPacket.h" />
    <ClInclude Include="Traversal\RayStream.h" />
    <ClInclude Include="Traversal\Traversal_Packet.h" />
    <ClInclude Include="Traversal\Traversal_Simd.h" />
    <ClInclude Include="Traversal\Traversal_Single.h" />
    <ClInclude Include="Traversal\TraversalContext.h" />
    <ClInclude Include="Utils\AlignmentAllocator.h" />
    <ClInclude Include="Utils\Bitmap.h" />
    <ClInclude Include="Utils\BlockCompression.h" />
    <ClInclude Include="Utils\Entropy.h" />
    <ClInclude Include="Utils\HashGrid.h" />
    <ClInclude Include="Utils\iacaMarks.h" />
    <ClInclude Include="Utils\Logger.h" />
    <ClInclude Include="Utils\MemoryHelpers.h" />
    <ClInclude Include="Utils\Texture.h" />
    <ClInclude Include="Utils\TextureEvaluator.h" />
    <ClInclude Include="Utils\ThreadPool.h" />
    <ClInclude Include="Utils\Timer.h" />
    <ClInclude Include="Math\Packed.h" />
    <ClInclude Include="Utils\KdTree.h" />
    <ClInclude Include="Math\Vector4Load.h" />
    <ClInclude Include="Math\HalfImpl.h" />
    <ClInclude Include="Math\VectorBool4ImplSSE.h" />
    <ClInclude Include="Math\VectorBool4ImplNaive.h" />
    <ClInclude Include="Math\Vector4ImplNaive.h" />
    <ClInclude Include="Math\Vector4ImplSSE.h" />
    <ClInclude Include="Math\VectorInt4ImplSSE.h" />
    <ClInclude Include="Math\VectorInt4ImplNaive.h" />
    <ClInclude Include="Math\VectorBool8ImplAVX.h" />
    <ClInclude Include="Math\VectorBool8ImplNaive.h" />
    <ClInclude Include="Math\Vector8ImplAVX.h" />
    <ClInclude Include="Math\Vector8ImplNaive.h" />
    <ClInclude Include="Math\Vector8ImplCommon.h" />
    <ClInclude Include="Math\VectorInt8ImplAVX2.h" />
    <ClInclude Include="Math\VectorInt8ImplNaive.h" />
    <ClInclude Include="Shapes\RectShape.h" />
    <ClInclude Include="Traversal\Intersection.h" />
    <ClInclude Include="Shapes\MeshShape.h" />
    <ClInclude Include="Shapes\Mesh\VertexBuffer.h" />
    <ClInclude Include="Shapes\Mesh\VertexBufferDesc.h" />
    <ClInclude Include="Scene\Object\SceneObject_Decal.h" />
    <ClInclude Include="Material\MaterialParameter.h" />
    <ClInclude Include="Math\Vector4Impl.h" />
  </ItemGroup>
  <ItemGroup>
    <ClCompile Include="..\External\tinyexr\tinyexr.cc" />
    <ClCompile Include="BVH\BVH.cpp" />
    <ClCompile Include="BVH\BVHBuilder.cpp" />
    <ClCompile Include="Color\RayColor.cpp" />
    <ClCompile Include="Color\Wavelength.cpp" />
    <ClCompile Include="Material\BSDF\BSDF.cpp" />
    <ClCompile Include="Material\BSDF\DielectricBSDF.cpp" />
    <ClCompile Include="Material\BSDF\DiffuseBSDF.cpp" />
    <ClCompile Include="Material\BSDF\MetalBSDF.cpp" />
    <ClCompile Include="Material\BSDF\NullBSDF.cpp" />
    <ClCompile Include="Material\BSDF\PlasticBSDF.cpp" />
    <ClCompile Include="Material\BSDF\RoughDielectricBSDF.cpp" />
    <ClCompile Include="Material\BSDF\RoughDiffuseBSDF.cpp" />
    <ClCompile Include="Material\BSDF\RoughMetalBSDF.cpp" />
    <ClCompile Include="Material\BSDF\RoughPlasticBSDF.cpp" />
    <ClCompile Include="Material\Material.cpp" />
    <ClCompile Include="Math\Distribution.cpp" />
    <ClCompile Include="Math\Geometry.cpp" />
    <ClCompile Include="Math\Math.cpp" />
    <ClCompile Include="Math\Matrix4.cpp" />
    <ClCompile Include="Math\Quaternion.cpp" />
    <ClCompile Include="Math\Random.cpp" />
    <ClCompile Include="Math\SamplingHelpers.cpp" />
    <ClCompile Include="Math\Transcendental.cpp" />
    <ClCompile Include="Math\Transform.cpp" />
    <ClCompile Include="Math\Utils.cpp" />
    <ClCompile Include="Math\Vector4.cpp" />
    <ClCompile Include="PCH.cpp" />
    <ClCompile Include="Rendering\Context.cpp" />
    <ClCompile Include="Rendering\DebugRenderer.cpp" />
    <ClCompile Include="Rendering\Film.cpp" />
    <ClCompile Include="Rendering\LightTracer.cpp" />
    <ClCompile Include="Rendering\PathTracer.cpp" />
    <ClCompile Include="Rendering\PathTracerMIS.cpp" />
    <ClCompile Include="Rendering\PostProcess.cpp" />
    <ClCompile Include="Rendering\Renderer.cpp" />
    <ClCompile Include="Rendering\RendererContext.cpp" />
    <ClCompile Include="Rendering\VertexConnectionAndMerging.cpp" />
    <ClCompile Include="Rendering\Viewport.cpp" />
    <ClCompile Include="Sampling\GenericSampler.cpp" />
    <ClCompile Include="Sampling\HaltonSampler.cpp" />
    <ClCompile Include="Scene\Camera.cpp" />
    <ClCompile Include="Scene\Light\AreaLight.cpp" />
    <ClCompile Include="Scene\Light\BackgroundLight.cpp" />
    <ClCompile Include="Scene\Light\DirectionalLight.cpp" />
    <ClCompile Include="Scene\Light\Light.cpp" />
    <ClCompile Include="Scene\Light\PointLight.cpp" />
    <ClCompile Include="Scene\Light\SpotLight.cpp" />
    <ClCompile Include="Scene\Object\SceneObject.cpp" />
    <ClCompile Include="Scene\Object\SceneObject_Light.cpp" />
    <ClCompile Include="Scene\Object\SceneObject_Shape.cpp" />
    <ClCompile Include="Scene\Scene.cpp" />
    <ClCompile Include="Shapes\BoxShape.cpp" />
    <ClCompile Include="Shapes\CsgShape.cpp" />
    <ClCompile Include="Shapes\Shape.cpp" />
    <ClCompile Include="Shapes\SphereShape.cpp" />
    <ClCompile Include="Textures\BitmapTexture.cpp" />
    <ClCompile Include="Textures\CheckerboardTexture.cpp" />
    <ClCompile Include="Textures\ConstTexture.cpp" />
    <ClCompile Include="Textures\MixTexture.cpp" />
    <ClCompile Include="Textures\NoiseTexture.cpp" />
    <ClCompile Include="Textures\Texture.cpp" />
    <ClCompile Include="Traversal\RayPacket.cpp" />
    <ClCompile Include="Traversal\RayStream.cpp" />
    <ClCompile Include="Traversal\Traversal_Packet.cpp" />
    <ClCompile Include="Traversal\TraversalContext.cpp" />
    <ClCompile Include="Utils\Bitmap.cpp" />
    <ClCompile Include="Utils\BitmapBMP.cpp" />
    <ClCompile Include="Utils\BitmapDDS.cpp" />
    <ClCompile Include="Utils\BitmapEXR.cpp" />
    <ClCompile Include="Utils\BlockCompression.cpp" />
    <ClCompile Include="Utils\Logger.cpp" />
    <ClCompile Include="Utils\ThreadPool.cpp" />
    <ClCompile Include="Utils\Timer.cpp" />
    <ClCompile Include="Utils\Entropy.cpp" />
    <ClCompile Include="Utils\KdTree.cpp" />
    <ClCompile Include="Shapes\RectShape.cpp" />
    <ClCompile Include="Shapes\MeshShape.cpp" />
    <ClCompile Include="Shapes\Mesh\VertexBuffer.cpp" />
    <ClCompile Include="Scene\Object\SceneObject_Decal.cpp" />
  </ItemGroup>
  <ItemGroup>
    <Filter Include="Math">
      <UniqueIdentifier>{d311ad2f-9ea8-432e-b362-e02e001ad7c0}</UniqueIdentifier>
    </Filter>
    <Filter Include="Math\Vector4">
      <UniqueIdentifier>{223adfc8-1ea0-417b-9f50-8d80790d5f40}</UniqueIdentifier>
    </Filter>
    <Filter Include="Math\Vector8">
      <UniqueIdentifier>{05892366-6576-4cbb-a9cd-8f6410c3d22c}</UniqueIdentifier>
    </Filter>
    <Filter Include="Math\Simd8">
      <UniqueIdentifier>{8a237b31-13d5-4cf3-b173-db01263dfca0}</UniqueIdentifier>
    </Filter>
    <Filter Include="Utils">
      <UniqueIdentifier>{1423a537-6ba9-4068-82b9-89ea66e5cea6}</UniqueIdentifier>
    </Filter>
    <Filter Include="Mesh">
      <UniqueIdentifier>{b03fcd4e-2b14-4de4-a29b-1354d71b1214}</UniqueIdentifier>
    </Filter>
    <Filter Include="Material">
      <UniqueIdentifier>{160173d6-ce6f-4827-b190-0f70237542f8}</UniqueIdentifier>
    </Filter>
    <Filter Include="BVH">
      <UniqueIdentifier>{4ee3e5a8-cb1e-4a07-8eeb-c48f57218f28}</UniqueIdentifier>
    </Filter>
    <Filter Include="Scene">
      <UniqueIdentifier>{eab46f43-b5f9-4911-9154-1d688d905d28}</UniqueIdentifier>
    </Filter>
    <Filter Include="Traversal">
      <UniqueIdentifier>{acbc961c-9259-48bf-949a-1ab9428dd182}</UniqueIdentifier>
    </Filter>
    <Filter Include="Rendering">
      <UniqueIdentifier>{2d796b3f-dc0b-4ce7-8bcf-c3191bef178c}</UniqueIdentifier>
    </Filter>
    <Filter Include="Color">
      <UniqueIdentifier>{61891863-0b3c-4d34-be39-eebe230d38bb}</UniqueIdentifier>
    </Filter>
    <Filter Include="Math\Float2">
      <UniqueIdentifier>{fbee8864-35e5-40c8-b3c4-17867cdf5df5}</UniqueIdentifier>
    </Filter>
    <Filter Include="Math\Float3">
      <UniqueIdentifier>{cb10c3d0-63bb-4970-8101-108ff96dc609}</UniqueIdentifier>
    </Filter>
    <Filter Include="Math\Shapes">
      <UniqueIdentifier>{5ccb6c11-889b-489c-8f0d-f4c18ba18433}</UniqueIdentifier>
    </Filter>
    <Filter Include="Math\Transcendental">
      <UniqueIdentifier>{6a1d1b11-3fc9-4e67-9d6e-ed998c2eb174}</UniqueIdentifier>
    </Filter>
    <Filter Include="Math\VectorInt8">
      <UniqueIdentifier>{7db96b75-b505-4bcf-9d3d-ed0081bbab1e}</UniqueIdentifier>
    </Filter>
    <Filter Include="Math\Quaternion">
      <UniqueIdentifier>{1aeb3236-81e6-4732-a445-590491773073}</UniqueIdentifier>
    </Filter>
    <Filter Include="Math\Transform">
      <UniqueIdentifier>{c8f23928-6039-4d6f-b670-760dac871ed1}</UniqueIdentifier>
    </Filter>
    <Filter Include="Math\Random">
      <UniqueIdentifier>{7de38233-fcb3-471f-8e36-0afe02709002}</UniqueIdentifier>
    </Filter>
    <Filter Include="Scene\Light">
      <UniqueIdentifier>{1a67979b-f2b6-4548-b3a8-78ad216c402d}</UniqueIdentifier>
    </Filter>
    <Filter Include="Material\BSDF">
      <UniqueIdentifier>{96844df5-97ff-4bc0-8809-bce29902a306}</UniqueIdentifier>
    </Filter>
    <Filter Include="Scene\Object">
      <UniqueIdentifier>{c01a4456-2851-4af7-b060-17f1973ae79a}</UniqueIdentifier>
    </Filter>
    <Filter Include="Utils\Bitmap">
      <UniqueIdentifier>{7bffc33c-adf6-48ed-a54c-123587f3ee2e}</UniqueIdentifier>
    </Filter>
    <Filter Include="Math\VectorInt4">
      <UniqueIdentifier>{6716c006-443a-4f45-932c-63199dd843fd}</UniqueIdentifier>
    </Filter>
    <Filter Include="Math\Matrix4">
      <UniqueIdentifier>{bc43ac23-f0d6-4b24-a160-af0a0817c097}</UniqueIdentifier>
    </Filter>
  </ItemGroup>
</Project>