<?xml version="1.0" encoding="utf-8"?>
<Project ToolsVersion="4.0" xmlns="http://schemas.microsoft.com/developer/msbuild/2003">
  <ItemGroup>
    <Filter Include="Utils">
      <UniqueIdentifier>{962c436c-f4da-4749-8073-4a9e7635b3c3}</UniqueIdentifier>
    </Filter>
    <Filter Include="Demo">
      <UniqueIdentifier>{e2dd387e-ede7-479a-8dd7-3eb8406dbe86}</UniqueIdentifier>
    </Filter>
    <Filter Include="External">
      <UniqueIdentifier>{f9c7611a-9597-4d10-8830-d89ce90c16a9}</UniqueIdentifier>
    </Filter>
  </ItemGroup>
  <ItemGroup>
    <ClCompile Include="Main.cpp" />
    <ClCompile Include="PCH.cpp" />
    <ClCompile Include="Window.cpp">
      <Filter>Utils</Filter>
    </ClCompile>
    <ClCompile Include="Demo.cpp">
      <Filter>Demo</Filter>
    </ClCompile>
    <ClCompile Include="MeshLoader.cpp" />
    <ClCompile Include="..\External\tiny_obj_loader.cc">
      <Filter>External</Filter>
    </ClCompile>
  </ItemGroup>
  <ItemGroup>
    <ClInclude Include="PCH.h" />
    <ClInclude Include="Window.h">
      <Filter>Utils</Filter>
    </ClInclude>
    <ClInclude Include="Demo.h">
      <Filter>Demo</Filter>
    </ClInclude>
    <ClInclude Include="MeshLoader.h" />
    <ClInclude Include="..\External\tiny_obj_loader.h">
      <Filter>External</Filter>
    </ClInclude>
  </ItemGroup>
</Project>