<?xml version="1.0" encoding="utf-8"?>
<Project ToolsVersion="4.0" xmlns="http://schemas.microsoft.com/developer/msbuild/2003">
  <ItemGroup>
    <ClInclude Include="Math\Random.h">
      <Filter>Math</Filter>
    </ClInclude>
    <ClInclude Include="Math\Math.h">
      <Filter>Math</Filter>
    </ClInclude>
    <ClInclude Include="Math\Geometry.h">
      <Filter>Math</Filter>
    </ClInclude>
    <ClInclude Include="Math\Ray.h">
      <Filter>Math</Filter>
    </ClInclude>
    <ClInclude Include="Math\Matrix.h">
      <Filter>Math</Filter>
    </ClInclude>
    <ClInclude Include="Math\Vector4.h">
      <Filter>Math\Vector4</Filter>
    </ClInclude>
    <ClInclude Include="Math\Vector4Impl.h">
      <Filter>Math\Vector4</Filter>
    </ClInclude>
    <ClInclude Include="Math\Vector8.h">
      <Filter>Math\Vector8</Filter>
    </ClInclude>
    <ClInclude Include="Math\Vector8Impl.h">
      <Filter>Math\Vector8</Filter>
    </ClInclude>
    <ClInclude Include="Math\Simd4Box.h">
      <Filter>Math\Simd4</Filter>
    </ClInclude>
    <ClInclude Include="Math\Simd4Ray.h">
      <Filter>Math\Simd4</Filter>
    </ClInclude>
    <ClInclude Include="Math\Simd4Vector3.h">
      <Filter>Math\Simd4</Filter>
    </ClInclude>
    <ClInclude Include="Math\Simd4Geometry.h">
      <Filter>Math\Simd4</Filter>
    </ClInclude>
    <ClInclude Include="Math\Simd8Box.h">
      <Filter>Math\Simd8</Filter>
    </ClInclude>
    <ClInclude Include="Math\Simd8Geometry.h">
      <Filter>Math\Simd8</Filter>
    </ClInclude>
    <ClInclude Include="Math\Simd8Ray.h">
      <Filter>Math\Simd8</Filter>
    </ClInclude>
    <ClInclude Include="Math\Simd4Triangle.h">
      <Filter>Math\Simd4</Filter>
    </ClInclude>
    <ClInclude Include="Math\Simd8Triangle.h">
      <Filter>Math\Simd8</Filter>
    </ClInclude>
    <ClInclude Include="Utils\Logger.h">
      <Filter>Utils</Filter>
    </ClInclude>
    <ClInclude Include="Utils\Timer.h">
      <Filter>Utils</Filter>
    </ClInclude>
    <ClInclude Include="Utils\AlignmentAllocator.h">
      <Filter>Utils</Filter>
    </ClInclude>
    <ClInclude Include="Utils\iacaMarks.h">
      <Filter>Utils</Filter>
    </ClInclude>
    <ClInclude Include="Mesh\VertexBuffer.h">
      <Filter>Mesh</Filter>
    </ClInclude>
    <ClInclude Include="Mesh\VertexBufferDesc.h">
      <Filter>Mesh</Filter>
    </ClInclude>
    <ClInclude Include="Mesh\Mesh.h">
      <Filter>Mesh</Filter>
    </ClInclude>
    <ClInclude Include="Material\MaterialLayer.h">
      <Filter>Material</Filter>
    </ClInclude>
    <ClInclude Include="Material\Material.h">
      <Filter>Material</Filter>
    </ClInclude>
    <ClInclude Include="BVH\BVH.h">
      <Filter>BVH</Filter>
    </ClInclude>
    <ClInclude Include="BVH\BVHBuilder.h">
      <Filter>BVH</Filter>
    </ClInclude>
    <ClInclude Include="Utils\Bitmap.h">
      <Filter>Utils</Filter>
    </ClInclude>
    <ClInclude Include="Utils\ThreadPool.h">
      <Filter>Utils</Filter>
    </ClInclude>
    <ClInclude Include="Scene\Scene.h">
      <Filter>Scene</Filter>
    </ClInclude>
    <ClInclude Include="Scene\Camera.h">
      <Filter>Scene</Filter>
    </ClInclude>
    <ClInclude Include="Scene\Light.h">
      <Filter>Scene</Filter>
    </ClInclude>
    <ClInclude Include="Traversal\RayPacket.h">
      <Filter>Traversal</Filter>
    </ClInclude>
    <ClInclude Include="Traversal\RayStream.h">
      <Filter>Traversal</Filter>
    </ClInclude>
    <ClInclude Include="Rendering\Viewport.h">
      <Filter>Rendering</Filter>
    </ClInclude>
    <ClInclude Include="Rendering\Counters.h">
      <Filter>Rendering</Filter>
    </ClInclude>
    <ClInclude Include="Color\Color.h">
      <Filter>Color</Filter>
    </ClInclude>
    <ClInclude Include="Color\ColorChecker.h">
      <Filter>Color</Filter>
    </ClInclude>
    <ClInclude Include="Traversal\HitPoint.h">
      <Filter>Traversal</Filter>
    </ClInclude>
    <ClInclude Include="Math\Float2.h">
      <Filter>Math\Float2</Filter>
    </ClInclude>
    <ClInclude Include="Math\Float2Impl.h">
      <Filter>Math\Float2</Filter>
    </ClInclude>
    <ClInclude Include="Math\Float3.h">
      <Filter>Math\Float3</Filter>
    </ClInclude>
    <ClInclude Include="Math\Float3Impl.h">
      <Filter>Math\Float3</Filter>
    </ClInclude>
    <ClInclude Include="Material\BSDF.h">
      <Filter>Material</Filter>
    </ClInclude>
    <ClInclude Include="Scene\SceneObject.h">
      <Filter>Scene</Filter>
    </ClInclude>
    <ClInclude Include="Rendering\Context.h">
      <Filter>Rendering</Filter>
    </ClInclude>
    <ClInclude Include="Math\Box.h">
      <Filter>Math\Shapes</Filter>
    </ClInclude>
    <ClInclude Include="Math\Sphere.h">
      <Filter>Math\Shapes</Filter>
    </ClInclude>
    <ClInclude Include="Math\Triangle.h">
      <Filter>Math\Shapes</Filter>
    </ClInclude>
    <ClInclude Include="Math\Transcendental.h">
      <Filter>Math\Transcendental</Filter>
    </ClInclude>
    <ClInclude Include="Math\Vector3x8.h">
      <Filter>Math\Simd8</Filter>
    </ClInclude>
    <ClInclude Include="Math\Vector2x8.h">
      <Filter>Math\Simd8</Filter>
    </ClInclude>
    <ClInclude Include="Scene\SceneObject_Mesh.h">
      <Filter>Scene</Filter>
    </ClInclude>
    <ClInclude Include="Scene\SceneObject_Sphere.h">
      <Filter>Scene</Filter>
    </ClInclude>
    <ClInclude Include="Rendering\ShadingData.h">
      <Filter>Rendering</Filter>
    </ClInclude>
    <ClInclude Include="Scene\SceneObject_Box.h">
      <Filter>Scene</Filter>
    </ClInclude>
    <ClInclude Include="Utils\BlockCompression.h">
      <Filter>Utils</Filter>
    </ClInclude>
    <ClInclude Include="Math\VectorInt8.h">
      <Filter>Math\VectorInt8</Filter>
    </ClInclude>
    <ClInclude Include="Math\VectorInt8Impl.h">
      <Filter>Math\VectorInt8</Filter>
    </ClInclude>
    <ClInclude Include="Common.h" />
    <ClInclude Include="Config.h" />
    <ClInclude Include="PCH.h" />
    <ClInclude Include="RayLib.h" />
    <ClInclude Include="Traversal\Traversal_Single.h">
      <Filter>Traversal</Filter>
    </ClInclude>
    <ClInclude Include="Traversal\Traversal_Simd.h">
      <Filter>Traversal</Filter>
    </ClInclude>
    <ClInclude Include="Traversal\Traversal_Packet.h">
      <Filter>Traversal</Filter>
    </ClInclude>
    <ClInclude Include="Traversal\TraversalContext.h">
      <Filter>Traversal</Filter>
    </ClInclude>
  </ItemGroup>
  <ItemGroup>
    <ClCompile Include="Math\Math.cpp">
      <Filter>Math</Filter>
    </ClCompile>
    <ClCompile Include="Math\Random.cpp">
      <Filter>Math</Filter>
    </ClCompile>
    <ClCompile Include="Math\Geometry.cpp">
      <Filter>Math</Filter>
    </ClCompile>
    <ClCompile Include="Math\Matrix.cpp">
      <Filter>Math</Filter>
    </ClCompile>
    <ClCompile Include="Math\Vector4.cpp">
      <Filter>Math\Vector4</Filter>
    </ClCompile>
    <ClCompile Include="Math\Vector8.cpp">
      <Filter>Math\Vector8</Filter>
    </ClCompile>
    <ClCompile Include="Utils\Logger.cpp">
      <Filter>Utils</Filter>
    </ClCompile>
    <ClCompile Include="Utils\Timer.cpp">
      <Filter>Utils</Filter>
    </ClCompile>
    <ClCompile Include="Mesh\VertexBuffer.cpp">
      <Filter>Mesh</Filter>
    </ClCompile>
    <ClCompile Include="Mesh\Mesh.cpp">
      <Filter>Mesh</Filter>
    </ClCompile>
    <ClCompile Include="Material\Material.cpp">
      <Filter>Material</Filter>
    </ClCompile>
    <ClCompile Include="BVH\BVHBuilder.cpp">
      <Filter>BVH</Filter>
    </ClCompile>
    <ClCompile Include="BVH\BVH.cpp">
      <Filter>BVH</Filter>
    </ClCompile>
    <ClCompile Include="Utils\Bitmap.cpp">
      <Filter>Utils</Filter>
    </ClCompile>
    <ClCompile Include="Utils\ThreadPool.cpp">
      <Filter>Utils</Filter>
    </ClCompile>
    <ClCompile Include="Scene\Scene.cpp">
      <Filter>Scene</Filter>
    </ClCompile>
    <ClCompile Include="Scene\Camera.cpp">
      <Filter>Scene</Filter>
    </ClCompile>
    <ClCompile Include="Traversal\RayPacket.cpp">
      <Filter>Traversal</Filter>
    </ClCompile>
    <ClCompile Include="Rendering\Viewport.cpp">
      <Filter>Rendering</Filter>
    </ClCompile>
    <ClCompile Include="Color\Color.cpp">
      <Filter>Color</Filter>
    </ClCompile>
    <ClCompile Include="Color\ColorChecker.cpp">
      <Filter>Color</Filter>
    </ClCompile>
    <ClCompile Include="Math\Float2.cpp">
      <Filter>Math\Float2</Filter>
    </ClCompile>
    <ClCompile Include="Math\Float3.cpp">
      <Filter>Math\Float3</Filter>
    </ClCompile>
    <ClCompile Include="Material\BSDF.cpp">
      <Filter>Material</Filter>
    </ClCompile>
    <ClCompile Include="Scene\SceneObject.cpp">
      <Filter>Scene</Filter>
    </ClCompile>
    <ClCompile Include="Math\Box.cpp">
      <Filter>Math\Shapes</Filter>
    </ClCompile>
    <ClCompile Include="Math\Transcendental.cpp">
      <Filter>Math\Transcendental</Filter>
    </ClCompile>
    <ClCompile Include="Traversal\RayStream.cpp">
      <Filter>Traversal</Filter>
    </ClCompile>
    <ClCompile Include="Scene\SceneObject_Mesh.cpp">
      <Filter>Scene</Filter>
    </ClCompile>
    <ClCompile Include="Scene\SceneObject_Sphere.cpp">
      <Filter>Scene</Filter>
    </ClCompile>
    <ClCompile Include="Scene\SceneObject_Box.cpp">
      <Filter>Scene</Filter>
    </ClCompile>
    <ClCompile Include="Utils\BlockCompression.cpp">
      <Filter>Utils</Filter>
    </ClCompile>
    <ClCompile Include="Math\VectorInt8.cpp">
      <Filter>Math\VectorInt8</Filter>
    </ClCompile>
    <ClCompile Include="Traversal\Traversal_Packet.cpp">
      <Filter>Traversal</Filter>
    </ClCompile>
  </ItemGroup>
  <ItemGroup>
    <Filter Include="Math">
      <UniqueIdentifier>{d311ad2f-9ea8-432e-b362-e02e001ad7c0}</UniqueIdentifier>
    </Filter>
    <Filter Include="Math\Vector4">
      <UniqueIdentifier>{223adfc8-1ea0-417b-9f50-8d80790d5f40}</UniqueIdentifier>
    </Filter>
    <Filter Include="Math\Vector8">
      <UniqueIdentifier>{05892366-6576-4cbb-a9cd-8f6410c3d22c}</UniqueIdentifier>
    </Filter>
    <Filter Include="Math\Simd4">
      <UniqueIdentifier>{6b832453-a245-4a7e-a6f8-ad4f97e2e9a3}</UniqueIdentifier>
    </Filter>
    <Filter Include="Math\Simd8">
      <UniqueIdentifier>{8a237b31-13d5-4cf3-b173-db01263dfca0}</UniqueIdentifier>
    </Filter>
    <Filter Include="Utils">
      <UniqueIdentifier>{1423a537-6ba9-4068-82b9-89ea66e5cea6}</UniqueIdentifier>
    </Filter>
    <Filter Include="Mesh">
      <UniqueIdentifier>{b03fcd4e-2b14-4de4-a29b-1354d71b1214}</UniqueIdentifier>
    </Filter>
    <Filter Include="Material">
      <UniqueIdentifier>{160173d6-ce6f-4827-b190-0f70237542f8}</UniqueIdentifier>
    </Filter>
    <Filter Include="BVH">
      <UniqueIdentifier>{4ee3e5a8-cb1e-4a07-8eeb-c48f57218f28}</UniqueIdentifier>
    </Filter>
    <Filter Include="Scene">
      <UniqueIdentifier>{eab46f43-b5f9-4911-9154-1d688d905d28}</UniqueIdentifier>
    </Filter>
    <Filter Include="Traversal">
      <UniqueIdentifier>{acbc961c-9259-48bf-949a-1ab9428dd182}</UniqueIdentifier>
    </Filter>
    <Filter Include="Rendering">
      <UniqueIdentifier>{2d796b3f-dc0b-4ce7-8bcf-c3191bef178c}</UniqueIdentifier>
    </Filter>
    <Filter Include="Color">
      <UniqueIdentifier>{61891863-0b3c-4d34-be39-eebe230d38bb}</UniqueIdentifier>
    </Filter>
    <Filter Include="Math\Float2">
      <UniqueIdentifier>{fbee8864-35e5-40c8-b3c4-17867cdf5df5}</UniqueIdentifier>
    </Filter>
    <Filter Include="Math\Float3">
      <UniqueIdentifier>{cb10c3d0-63bb-4970-8101-108ff96dc609}</UniqueIdentifier>
    </Filter>
    <Filter Include="Math\Shapes">
      <UniqueIdentifier>{5ccb6c11-889b-489c-8f0d-f4c18ba18433}</UniqueIdentifier>
    </Filter>
    <Filter Include="Math\Transcendental">
      <UniqueIdentifier>{6a1d1b11-3fc9-4e67-9d6e-ed998c2eb174}</UniqueIdentifier>
    </Filter>
    <Filter Include="Math\VectorInt8">
      <UniqueIdentifier>{7db96b75-b505-4bcf-9d3d-ed0081bbab1e}</UniqueIdentifier>
    </Filter>
  </ItemGroup>
</Project>